
Microsoft Visual Studio Solution File, Format Version 12.00
# Visual Studio Version 17
VisualStudioVersion = 17.14.36212.18 d17.14
MinimumVisualStudioVersion = 10.0.40219.1
Project("{FAE04EC0-301F-11D3-BF4B-00C04F79EFBC}") = "NotificationServiceApi.Web", "NotificationServiceApi.Web\NotificationServiceApi.Web.csproj", "{FFB9017E-3FAB-4D8B-BDF6-5FE84E3BE228}"
EndProject
Project("{2150E333-8FDC-42A3-9474-1A3956D46DE8}") = "Tests", "Tests", "{02EA681E-C7D8-13C7-8484-4AC65E1B71E8}"
EndProject
Project("{FAE04EC0-301F-11D3-BF4B-00C04F79EFBC}") = "NotificationServiceApi.Tests", "NotificationServiceApi.Tests\NotificationServiceApi.Tests.csproj", "{981B6E84-4142-4376-95BD-D73F7C34A5B4}"
EndProject
Global
	GlobalSection(SolutionConfigurationPlatforms) = preSolution
		Debug|Any CPU = Debug|Any CPU
		Release|Any CPU = Release|Any CPU
	EndGlobalSection
	GlobalSection(ProjectConfigurationPlatforms) = postSolution
		{FFB9017E-3FAB-4D8B-BDF6-5FE84E3BE228}.Debug|Any CPU.ActiveCfg = Debug|Any CPU
		{FFB9017E-3FAB-4D8B-BDF6-5FE84E3BE228}.Debug|Any CPU.Build.0 = Debug|Any CPU
		{FFB9017E-3FAB-4D8B-BDF6-5FE84E3BE228}.Release|Any CPU.ActiveCfg = Release|Any CPU
		{FFB9017E-3FAB-4D8B-BDF6-5FE84E3BE228}.Release|Any CPU.Build.0 = Release|Any CPU
		{981B6E84-4142-4376-95BD-D73F7C34A5B4}.Debug|Any CPU.ActiveCfg = Debug|Any CPU
		{981B6E84-4142-4376-95BD-D73F7C34A5B4}.Debug|Any CPU.Build.0 = Debug|Any CPU
		{981B6E84-4142-4376-95BD-D73F7C34A5B4}.Release|Any CPU.ActiveCfg = Release|Any CPU
		{981B6E84-4142-4376-95BD-D73F7C34A5B4}.Release|Any CPU.Build.0 = Release|Any CPU
	EndGlobalSection
	GlobalSection(SolutionProperties) = preSolution
		HideSolutionNode = FALSE
	EndGlobalSection
	GlobalSection(NestedProjects) = preSolution
		{981B6E84-4142-4376-95BD-D73F7C34A5B4} = {02EA681E-C7D8-13C7-8484-4AC65E1B71E8}
	EndGlobalSection
	GlobalSection(ExtensibilityGlobals) = postSolution
		SolutionGuid = {40016121-B9F0-4A55-84BB-1814FDABB361}
	EndGlobalSection
EndGlobal
